
Microsoft Visual Studio Solution File, Format Version 12.00
# Visual Studio Version 17
VisualStudioVersion = 17.5.33516.290
MinimumVisualStudioVersion = 10.0.40219.1
Project("{8BC9CEB8-8B4A-11D0-8D11-00A0C91BC942}") = "S23_Game", "S23_Game\S23_Game.vcxproj", "{D4B20EA0-0EB6-4DCB-A762-7CF3FC9734F0}"
EndProject
Project("{8BC9CEB8-8B4A-11D0-8D11-00A0C91BC942}") = "Sky", "Sky\Sky.vcxproj", "{F9B38EE5-6A03-45EA-A9A3-1162D7931C1E}"
EndProject
Project("{8BC9CEB8-8B4A-11D0-8D11-00A0C91BC942}") = "glfw", "glfw_build\src\glfw.vcxproj", "{9CADF829-D7A2-3D48-97E8-D8AB36C2832A}"
EndProject
Project("{8BC9CEB8-8B4A-11D0-8D11-00A0C91BC942}") = "glad", "glad\glad.vcxproj", "{0A47AB59-61E3-46C3-96F0-59E005B692C7}"
EndProject
Project("{8BC9CEB8-8B4A-11D0-8D11-00A0C91BC942}") = "stbi", "stbi\stbi.vcxproj", "{F46A4917-D502-43C5-83DB-025A8379AAA4}"
EndProject
Global
	GlobalSection(SolutionConfigurationPlatforms) = preSolution
		Debug|x64 = Debug|x64
		Debug|x86 = Debug|x86
		MinSizeRel|x64 = MinSizeRel|x64
		MinSizeRel|x86 = MinSizeRel|x86
		Release|x64 = Release|x64
		Release|x86 = Release|x86
		RelWithDebInfo|x64 = RelWithDebInfo|x64
		RelWithDebInfo|x86 = RelWithDebInfo|x86
	EndGlobalSection
	GlobalSection(ProjectConfigurationPlatforms) = postSolution
		{D4B20EA0-0EB6-4DCB-A762-7CF3FC9734F0}.Debug|x64.ActiveCfg = Debug|x64
		{D4B20EA0-0EB6-4DCB-A762-7CF3FC9734F0}.Debug|x64.Build.0 = Debug|x64
		{D4B20EA0-0EB6-4DCB-A762-7CF3FC9734F0}.Debug|x86.ActiveCfg = Debug|Win32
		{D4B20EA0-0EB6-4DCB-A762-7CF3FC9734F0}.Debug|x86.Build.0 = Debug|Win32
		{D4B20EA0-0EB6-4DCB-A762-7CF3FC9734F0}.MinSizeRel|x64.ActiveCfg = Release|x64
		{D4B20EA0-0EB6-4DCB-A762-7CF3FC9734F0}.MinSizeRel|x64.Build.0 = Release|x64
		{D4B20EA0-0EB6-4DCB-A762-7CF3FC9734F0}.MinSizeRel|x86.ActiveCfg = Release|Win32
		{D4B20EA0-0EB6-4DCB-A762-7CF3FC9734F0}.MinSizeRel|x86.Build.0 = Release|Win32
		{D4B20EA0-0EB6-4DCB-A762-7CF3FC9734F0}.Release|x64.ActiveCfg = Release|x64
		{D4B20EA0-0EB6-4DCB-A762-7CF3FC9734F0}.Release|x64.Build.0 = Release|x64
		{D4B20EA0-0EB6-4DCB-A762-7CF3FC9734F0}.Release|x86.ActiveCfg = Release|Win32
		{D4B20EA0-0EB6-4DCB-A762-7CF3FC9734F0}.Release|x86.Build.0 = Release|Win32
		{D4B20EA0-0EB6-4DCB-A762-7CF3FC9734F0}.RelWithDebInfo|x64.ActiveCfg = Release|x64
		{D4B20EA0-0EB6-4DCB-A762-7CF3FC9734F0}.RelWithDebInfo|x64.Build.0 = Release|x64
		{D4B20EA0-0EB6-4DCB-A762-7CF3FC9734F0}.RelWithDebInfo|x86.ActiveCfg = Release|Win32
		{D4B20EA0-0EB6-4DCB-A762-7CF3FC9734F0}.RelWithDebInfo|x86.Build.0 = Release|Win32
		{F9B38EE5-6A03-45EA-A9A3-1162D7931C1E}.Debug|x64.ActiveCfg = Debug|x64
		{F9B38EE5-6A03-45EA-A9A3-1162D7931C1E}.Debug|x64.Build.0 = Debug|x64
		{F9B38EE5-6A03-45EA-A9A3-1162D7931C1E}.Debug|x86.ActiveCfg = Debug|Win32
		{F9B38EE5-6A03-45EA-A9A3-1162D7931C1E}.Debug|x86.Build.0 = Debug|Win32
		{F9B38EE5-6A03-45EA-A9A3-1162D7931C1E}.MinSizeRel|x64.ActiveCfg = Release|x64
		{F9B38EE5-6A03-45EA-A9A3-1162D7931C1E}.MinSizeRel|x64.Build.0 = Release|x64
		{F9B38EE5-6A03-45EA-A9A3-1162D7931C1E}.MinSizeRel|x86.ActiveCfg = Release|Win32
		{F9B38EE5-6A03-45EA-A9A3-1162D7931C1E}.MinSizeRel|x86.Build.0 = Release|Win32
		{F9B38EE5-6A03-45EA-A9A3-1162D7931C1E}.Release|x64.ActiveCfg = Release|x64
		{F9B38EE5-6A03-45EA-A9A3-1162D7931C1E}.Release|x64.Build.0 = Release|x64
		{F9B38EE5-6A03-45EA-A9A3-1162D7931C1E}.Release|x86.ActiveCfg = Release|Win32
		{F9B38EE5-6A03-45EA-A9A3-1162D7931C1E}.Release|x86.Build.0 = Release|Win32
		{F9B38EE5-6A03-45EA-A9A3-1162D7931C1E}.RelWithDebInfo|x64.ActiveCfg = Release|x64
		{F9B38EE5-6A03-45EA-A9A3-1162D7931C1E}.RelWithDebInfo|x64.Build.0 = Release|x64
		{F9B38EE5-6A03-45EA-A9A3-1162D7931C1E}.RelWithDebInfo|x86.ActiveCfg = Release|Win32
		{F9B38EE5-6A03-45EA-A9A3-1162D7931C1E}.RelWithDebInfo|x86.Build.0 = Release|Win32
		{9CADF829-D7A2-3D48-97E8-D8AB36C2832A}.Debug|x64.ActiveCfg = Debug|x64
		{9CADF829-D7A2-3D48-97E8-D8AB36C2832A}.Debug|x64.Build.0 = Debug|x64
		{9CADF829-D7A2-3D48-97E8-D8AB36C2832A}.Debug|x86.ActiveCfg = Debug|x64
		{9CADF829-D7A2-3D48-97E8-D8AB36C2832A}.Debug|x86.Build.0 = Debug|x64
		{9CADF829-D7A2-3D48-97E8-D8AB36C2832A}.MinSizeRel|x64.ActiveCfg = MinSizeRel|x64
		{9CADF829-D7A2-3D48-97E8-D8AB36C2832A}.MinSizeRel|x64.Build.0 = MinSizeRel|x64
		{9CADF829-D7A2-3D48-97E8-D8AB36C2832A}.MinSizeRel|x86.ActiveCfg = MinSizeRel|x64
		{9CADF829-D7A2-3D48-97E8-D8AB36C2832A}.MinSizeRel|x86.Build.0 = MinSizeRel|x64
		{9CADF829-D7A2-3D48-97E8-D8AB36C2832A}.Release|x64.ActiveCfg = Release|x64
		{9CADF829-D7A2-3D48-97E8-D8AB36C2832A}.Release|x64.Build.0 = Release|x64
		{9CADF829-D7A2-3D48-97E8-D8AB36C2832A}.Release|x86.ActiveCfg = Release|x64
		{9CADF829-D7A2-3D48-97E8-D8AB36C2832A}.Release|x86.Build.0 = Release|x64
		{9CADF829-D7A2-3D48-97E8-D8AB36C2832A}.RelWithDebInfo|x64.ActiveCfg = RelWithDebInfo|x64
		{9CADF829-D7A2-3D48-97E8-D8AB36C2832A}.RelWithDebInfo|x64.Build.0 = RelWithDebInfo|x64
		{9CADF829-D7A2-3D48-97E8-D8AB36C2832A}.RelWithDebInfo|x86.ActiveCfg = RelWithDebInfo|x64
		{9CADF829-D7A2-3D48-97E8-D8AB36C2832A}.RelWithDebInfo|x86.Build.0 = RelWithDebInfo|x64
		{0A47AB59-61E3-46C3-96F0-59E005B692C7}.Debug|x64.ActiveCfg = Debug|x64
		{0A47AB59-61E3-46C3-96F0-59E005B692C7}.Debug|x64.Build.0 = Debug|x64
		{0A47AB59-61E3-46C3-96F0-59E005B692C7}.Debug|x86.ActiveCfg = Debug|Win32
		{0A47AB59-61E3-46C3-96F0-59E005B692C7}.Debug|x86.Build.0 = Debug|Win32
		{0A47AB59-61E3-46C3-96F0-59E005B692C7}.MinSizeRel|x64.ActiveCfg = Debug|x64
		{0A47AB59-61E3-46C3-96F0-59E005B692C7}.MinSizeRel|x64.Build.0 = Debug|x64
		{0A47AB59-61E3-46C3-96F0-59E005B692C7}.MinSizeRel|x86.ActiveCfg = Debug|Win32
		{0A47AB59-61E3-46C3-96F0-59E005B692C7}.MinSizeRel|x86.Build.0 = Debug|Win32
		{0A47AB59-61E3-46C3-96F0-59E005B692C7}.Release|x64.ActiveCfg = Release|x64
		{0A47AB59-61E3-46C3-96F0-59E005B692C7}.Release|x64.Build.0 = Release|x64
		{0A47AB59-61E3-46C3-96F0-59E005B692C7}.Release|x86.ActiveCfg = Release|Win32
		{0A47AB59-61E3-46C3-96F0-59E005B692C7}.Release|x86.Build.0 = Release|Win32
		{0A47AB59-61E3-46C3-96F0-59E005B692C7}.RelWithDebInfo|x64.ActiveCfg = Release|x64
		{0A47AB59-61E3-46C3-96F0-59E005B692C7}.RelWithDebInfo|x64.Build.0 = Release|x64
		{0A47AB59-61E3-46C3-96F0-59E005B692C7}.RelWithDebInfo|x86.ActiveCfg = Release|Win32
		{0A47AB59-61E3-46C3-96F0-59E005B692C7}.RelWithDebInfo|x86.Build.0 = Release|Win32
		{F46A4917-D502-43C5-83DB-025A8379AAA4}.Debug|x64.ActiveCfg = Debug|x64
		{F46A4917-D502-43C5-83DB-025A8379AAA4}.Debug|x64.Build.0 = Debug|x64
		{F46A4917-D502-43C5-83DB-025A8379AAA4}.Debug|x86.ActiveCfg = Debug|Win32
		{F46A4917-D502-43C5-83DB-025A8379AAA4}.Debug|x86.Build.0 = Debug|Win32
		{F46A4917-D502-43C5-83DB-025A8379AAA4}.MinSizeRel|x64.ActiveCfg = Debug|x64
		{F46A4917-D502-43C5-83DB-025A8379AAA4}.MinSizeRel|x64.Build.0 = Debug|x64
		{F46A4917-D502-43C5-83DB-025A8379AAA4}.MinSizeRel|x86.ActiveCfg = Debug|Win32
		{F46A4917-D502-43C5-83DB-025A8379AAA4}.MinSizeRel|x86.Build.0 = Debug|Win32
		{F46A4917-D502-43C5-83DB-025A8379AAA4}.Release|x64.ActiveCfg = Release|x64
		{F46A4917-D502-43C5-83DB-025A8379AAA4}.Release|x64.Build.0 = Release|x64
		{F46A4917-D502-43C5-83DB-025A8379AAA4}.Release|x86.ActiveCfg = Release|Win32
		{F46A4917-D502-43C5-83DB-025A8379AAA4}.Release|x86.Build.0 = Release|Win32
		{F46A4917-D502-43C5-83DB-025A8379AAA4}.RelWithDebInfo|x64.ActiveCfg = Release|x64
		{F46A4917-D502-43C5-83DB-025A8379AAA4}.RelWithDebInfo|x64.Build.0 = Release|x64
		{F46A4917-D502-43C5-83DB-025A8379AAA4}.RelWithDebInfo|x86.ActiveCfg = Release|Win32
		{F46A4917-D502-43C5-83DB-025A8379AAA4}.RelWithDebInfo|x86.Build.0 = Release|Win32
	EndGlobalSection
	GlobalSection(SolutionProperties) = preSolution
		HideSolutionNode = FALSE
	EndGlobalSection
	GlobalSection(ExtensibilityGlobals) = postSolution
		SolutionGuid = {0025955D-D2C2-4509-B4E6-D6377060C379}
	EndGlobalSection
EndGlobal
